// !$*UTF8*$!
{
	archiveVersion = 1;
	classes = {
	};
	objectVersion = 56;
	objects = {

/* Begin PBXBuildFile section */
		1EDF4F622BCC1527009AA4A1 /* RealityKitContent in Frameworks */ = {isa = PBXBuildFile; productRef = 1EDF4F612BCC1527009AA4A1 /* RealityKitContent */; };
		1EDF4F642BCC1527009AA4A1 /* day06App.swift in Sources */ = {isa = PBXBuildFile; fileRef = 1EDF4F632BCC1527009AA4A1 /* day06App.swift */; };
		1EDF4F662BCC1527009AA4A1 /* ContentView.swift in Sources */ = {isa = PBXBuildFile; fileRef = 1EDF4F652BCC1527009AA4A1 /* ContentView.swift */; };
		1EDF4F682BCC1527009AA4A1 /* ImmersiveView.swift in Sources */ = {isa = PBXBuildFile; fileRef = 1EDF4F672BCC1527009AA4A1 /* ImmersiveView.swift */; };
		1EDF4F6A2BCC1529009AA4A1 /* Assets.xcassets in Resources */ = {isa = PBXBuildFile; fileRef = 1EDF4F692BCC1529009AA4A1 /* Assets.xcassets */; };
		1EDF4F6D2BCC1529009AA4A1 /* Preview Assets.xcassets in Resources */ = {isa = PBXBuildFile; fileRef = 1EDF4F6C2BCC1529009AA4A1 /* Preview Assets.xcassets */; };
		1EDF4F752BCC27A8009AA4A1 /* day6ViewModel.swift in Sources */ = {isa = PBXBuildFile; fileRef = 1EDF4F742BCC27A8009AA4A1 /* day6ViewModel.swift */; };
/* End PBXBuildFile section */

/* Begin PBXFileReference section */
		1EDF4F5C2BCC1527009AA4A1 /* day06.app */ = {isa = PBXFileReference; explicitFileType = wrapper.application; includeInIndex = 0; path = day06.app; sourceTree = BUILT_PRODUCTS_DIR; };
		1EDF4F602BCC1527009AA4A1 /* RealityKitContent */ = {isa = PBXFileReference; lastKnownFileType = wrapper; path = RealityKitContent; sourceTree = "<group>"; };
		1EDF4F632BCC1527009AA4A1 /* day06App.swift */ = {isa = PBXFileReference; lastKnownFileType = sourcecode.swift; path = day06App.swift; sourceTree = "<group>"; };
		1EDF4F652BCC1527009AA4A1 /* ContentView.swift */ = {isa = PBXFileReference; lastKnownFileType = sourcecode.swift; path = ContentView.swift; sourceTree = "<group>"; };
		1EDF4F672BCC1527009AA4A1 /* ImmersiveView.swift */ = {isa = PBXFileReference; lastKnownFileType = sourcecode.swift; path = ImmersiveView.swift; sourceTree = "<group>"; };
		1EDF4F692BCC1529009AA4A1 /* Assets.xcassets */ = {isa = PBXFileReference; lastKnownFileType = folder.assetcatalog; path = Assets.xcassets; sourceTree = "<group>"; };
		1EDF4F6C2BCC1529009AA4A1 /* Preview Assets.xcassets */ = {isa = PBXFileReference; lastKnownFileType = folder.assetcatalog; path = "Preview Assets.xcassets"; sourceTree = "<group>"; };
		1EDF4F6E2BCC1529009AA4A1 /* Info.plist */ = {isa = PBXFileReference; lastKnownFileType = text.plist.xml; path = Info.plist; sourceTree = "<group>"; };
		1EDF4F742BCC27A8009AA4A1 /* day6ViewModel.swift */ = {isa = PBXFileReference; lastKnownFileType = sourcecode.swift; path = day6ViewModel.swift; sourceTree = "<group>"; };
/* End PBXFileReference section */

/* Begin PBXFrameworksBuildPhase section */
		1EDF4F592BCC1527009AA4A1 /* Frameworks */ = {
			isa = PBXFrameworksBuildPhase;
			buildActionMask = 2147483647;
			files = (
				1EDF4F622BCC1527009AA4A1 /* RealityKitContent in Frameworks */,
			);
			runOnlyForDeploymentPostprocessing = 0;
		};
/* End PBXFrameworksBuildPhase section */

/* Begin PBXGroup section */
		1EDF4F532BCC1527009AA4A1 = {
			isa = PBXGroup;
			children = (
				1EDF4F5E2BCC1527009AA4A1 /* day06 */,
				1EDF4F5F2BCC1527009AA4A1 /* Packages */,
				1EDF4F5D2BCC1527009AA4A1 /* Products */,
			);
			sourceTree = "<group>";
		};
		1EDF4F5D2BCC1527009AA4A1 /* Products */ = {
			isa = PBXGroup;
			children = (
				1EDF4F5C2BCC1527009AA4A1 /* day06.app */,
			);
			name = Products;
			sourceTree = "<group>";
		};
		1EDF4F5E2BCC1527009AA4A1 /* day06 */ = {
			isa = PBXGroup;
			children = (
				1EDF4F632BCC1527009AA4A1 /* day06App.swift */,
				1EDF4F652BCC1527009AA4A1 /* ContentView.swift */,
				1EDF4F742BCC27A8009AA4A1 /* day6ViewModel.swift */,
				1EDF4F672BCC1527009AA4A1 /* ImmersiveView.swift */,
				1EDF4F692BCC1529009AA4A1 /* Assets.xcassets */,
				1EDF4F6E2BCC1529009AA4A1 /* Info.plist */,
				1EDF4F6B2BCC1529009AA4A1 /* Preview Content */,
			);
			path = day06;
			sourceTree = "<group>";
		};
		1EDF4F5F2BCC1527009AA4A1 /* Packages */ = {
			isa = PBXGroup;
			children = (
				1EDF4F602BCC1527009AA4A1 /* RealityKitContent */,
			);
			path = Packages;
			sourceTree = "<group>";
		};
		1EDF4F6B2BCC1529009AA4A1 /* Preview Content */ = {
			isa = PBXGroup;
			children = (
				1EDF4F6C2BCC1529009AA4A1 /* Preview Assets.xcassets */,
			);
			path = "Preview Content";
			sourceTree = "<group>";
		};
/* End PBXGroup section */

/* Begin PBXNativeTarget section */
		1EDF4F5B2BCC1527009AA4A1 /* day06 */ = {
			isa = PBXNativeTarget;
			buildConfigurationList = 1EDF4F712BCC1529009AA4A1 /* Build configuration list for PBXNativeTarget "day06" */;
			buildPhases = (
				1EDF4F582BCC1527009AA4A1 /* Sources */,
				1EDF4F592BCC1527009AA4A1 /* Frameworks */,
				1EDF4F5A2BCC1527009AA4A1 /* Resources */,
			);
			buildRules = (
			);
			dependencies = (
			);
			name = day06;
			packageProductDependencies = (
				1EDF4F612BCC1527009AA4A1 /* RealityKitContent */,
			);
			productName = day06;
			productReference = 1EDF4F5C2BCC1527009AA4A1 /* day06.app */;
			productType = "com.apple.product-type.application";
		};
/* End PBXNativeTarget section */

/* Begin PBXProject section */
		1EDF4F542BCC1527009AA4A1 /* Project object */ = {
			isa = PBXProject;
			attributes = {
				BuildIndependentTargetsInParallel = 1;
				LastSwiftUpdateCheck = 1520;
				LastUpgradeCheck = 1520;
				TargetAttributes = {
					1EDF4F5B2BCC1527009AA4A1 = {
						CreatedOnToolsVersion = 15.2;
					};
				};
			};
			buildConfigurationList = 1EDF4F572BCC1527009AA4A1 /* Build configuration list for PBXProject "day06" */;
			compatibilityVersion = "Xcode 14.0";
			developmentRegion = en;
			hasScannedForEncodings = 0;
			knownRegions = (
				en,
				Base,
			);
			mainGroup = 1EDF4F532BCC1527009AA4A1;
			productRefGroup = 1EDF4F5D2BCC1527009AA4A1 /* Products */;
			projectDirPath = "";
			projectRoot = "";
			targets = (
				1EDF4F5B2BCC1527009AA4A1 /* day06 */,
			);
		};
/* End PBXProject section */

/* Begin PBXResourcesBuildPhase section */
		1EDF4F5A2BCC1527009AA4A1 /* Resources */ = {
			isa = PBXResourcesBuildPhase;
			buildActionMask = 2147483647;
			files = (
				1EDF4F6D2BCC1529009AA4A1 /* Preview Assets.xcassets in Resources */,
				1EDF4F6A2BCC1529009AA4A1 /* Assets.xcassets in Resources */,
			);
			runOnlyForDeploymentPostprocessing = 0;
		};
/* End PBXResourcesBuildPhase section */

/* Begin PBXSourcesBuildPhase section */
		1EDF4F582BCC1527009AA4A1 /* Sources */ = {
			isa = PBXSourcesBuildPhase;
			buildActionMask = 2147483647;
			files = (
				1EDF4F662BCC1527009AA4A1 /* ContentView.swift in Sources */,
				1EDF4F642BCC1527009AA4A1 /* day06App.swift in Sources */,
				1EDF4F752BCC27A8009AA4A1 /* day6ViewModel.swift in Sources */,
				1EDF4F682BCC1527009AA4A1 /* ImmersiveView.swift in Sources */,
			);
			runOnlyForDeploymentPostprocessing = 0;
		};
/* End PBXSourcesBuildPhase section */

/* Begin XCBuildConfiguration section */
		1EDF4F6F2BCC1529009AA4A1 /* Debug */ = {
			isa = XCBuildConfiguration;
			buildSettings = {
				ALWAYS_SEARCH_USER_PATHS = NO;
				ASSETCATALOG_COMPILER_GENERATE_SWIFT_ASSET_SYMBOL_EXTENSIONS = YES;
				CLANG_ANALYZER_NONNULL = YES;
				CLANG_ANALYZER_NUMBER_OBJECT_CONVERSION = YES_AGGRESSIVE;
				CLANG_CXX_LANGUAGE_STANDARD = "gnu++20";
				CLANG_ENABLE_MODULES = YES;
				CLANG_ENABLE_OBJC_ARC = YES;
				CLANG_ENABLE_OBJC_WEAK = YES;
				CLANG_WARN_BLOCK_CAPTURE_AUTORELEASING = YES;
				CLANG_WARN_BOOL_CONVERSION = YES;
				CLANG_WARN_COMMA = YES;
				CLANG_WARN_CONSTANT_CONVERSION = YES;
				CLANG_WARN_DEPRECATED_OBJC_IMPLEMENTATIONS = YES;
				CLANG_WARN_DIRECT_OBJC_ISA_USAGE = YES_ERROR;
				CLANG_WARN_DOCUMENTATION_COMMENTS = YES;
				CLANG_WARN_EMPTY_BODY = YES;
				CLANG_WARN_ENUM_CONVERSION = YES;
				CLANG_WARN_INFINITE_RECURSION = YES;
				CLANG_WARN_INT_CONVERSION = YES;
				CLANG_WARN_NON_LITERAL_NULL_CONVERSION = YES;
				CLANG_WARN_OBJC_IMPLICIT_RETAIN_SELF = YES;
				CLANG_WARN_OBJC_LITERAL_CONVERSION = YES;
				CLANG_WARN_OBJC_ROOT_CLASS = YES_ERROR;
				CLANG_WARN_QUOTED_INCLUDE_IN_FRAMEWORK_HEADER = YES;
				CLANG_WARN_RANGE_LOOP_ANALYSIS = YES;
				CLANG_WARN_STRICT_PROTOTYPES = YES;
				CLANG_WARN_SUSPICIOUS_MOVE = YES;
				CLANG_WARN_UNGUARDED_AVAILABILITY = YES_AGGRESSIVE;
				CLANG_WARN_UNREACHABLE_CODE = YES;
				CLANG_WARN__DUPLICATE_METHOD_MATCH = YES;
				COPY_PHASE_STRIP = NO;
				DEBUG_INFORMATION_FORMAT = dwarf;
				ENABLE_STRICT_OBJC_MSGSEND = YES;
				ENABLE_TESTABILITY = YES;
				ENABLE_USER_SCRIPT_SANDBOXING = YES;
				GCC_C_LANGUAGE_STANDARD = gnu17;
				GCC_DYNAMIC_NO_PIC = NO;
				GCC_NO_COMMON_BLOCKS = YES;
				GCC_OPTIMIZATION_LEVEL = 0;
				GCC_PREPROCESSOR_DEFINITIONS = (
					"DEBUG=1",
					"$(inherited)",
				);
				GCC_WARN_64_TO_32_BIT_CONVERSION = YES;
				GCC_WARN_ABOUT_RETURN_TYPE = YES_ERROR;
				GCC_WARN_UNDECLARED_SELECTOR = YES;
				GCC_WARN_UNINITIALIZED_AUTOS = YES_AGGRESSIVE;
				GCC_WARN_UNUSED_FUNCTION = YES;
				GCC_WARN_UNUSED_VARIABLE = YES;
				LOCALIZATION_PREFERS_STRING_CATALOGS = YES;
				MTL_ENABLE_DEBUG_INFO = INCLUDE_SOURCE;
				MTL_FAST_MATH = YES;
				ONLY_ACTIVE_ARCH = YES;
				SDKROOT = xros;
				SWIFT_ACTIVE_COMPILATION_CONDITIONS = "DEBUG $(inherited)";
				SWIFT_OPTIMIZATION_LEVEL = "-Onone";
				XROS_DEPLOYMENT_TARGET = 1.0;
			};
			name = Debug;
		};
		1EDF4F702BCC1529009AA4A1 /* Release */ = {
			isa = XCBuildConfiguration;
			buildSettings = {
				ALWAYS_SEARCH_USER_PATHS = NO;
				ASSETCATALOG_COMPILER_GENERATE_SWIFT_ASSET_SYMBOL_EXTENSIONS = YES;
				CLANG_ANALYZER_NONNULL = YES;
				CLANG_ANALYZER_NUMBER_OBJECT_CONVERSION = YES_AGGRESSIVE;
				CLANG_CXX_LANGUAGE_STANDARD = "gnu++20";
				CLANG_ENABLE_MODULES = YES;
				CLANG_ENABLE_OBJC_ARC = YES;
				CLANG_ENABLE_OBJC_WEAK = YES;
				CLANG_WARN_BLOCK_CAPTURE_AUTORELEASING = YES;
				CLANG_WARN_BOOL_CONVERSION = YES;
				CLANG_WARN_COMMA = YES;
				CLANG_WARN_CONSTANT_CONVERSION = YES;
				CLANG_WARN_DEPRECATED_OBJC_IMPLEMENTATIONS = YES;
				CLANG_WARN_DIRECT_OBJC_ISA_USAGE = YES_ERROR;
				CLANG_WARN_DOCUMENTATION_COMMENTS = YES;
				CLANG_WARN_EMPTY_BODY = YES;
				CLANG_WARN_ENUM_CONVERSION = YES;
				CLANG_WARN_INFINITE_RECURSION = YES;
				CLANG_WARN_INT_CONVERSION = YES;
				CLANG_WARN_NON_LITERAL_NULL_CONVERSION = YES;
				CLANG_WARN_OBJC_IMPLICIT_RETAIN_SELF = YES;
				CLANG_WARN_OBJC_LITERAL_CONVERSION = YES;
				CLANG_WARN_OBJC_ROOT_CLASS = YES_ERROR;
				CLANG_WARN_QUOTED_INCLUDE_IN_FRAMEWORK_HEADER = YES;
				CLANG_WARN_RANGE_LOOP_ANALYSIS = YES;
				CLANG_WARN_STRICT_PROTOTYPES = YES;
				CLANG_WARN_SUSPICIOUS_MOVE = YES;
				CLANG_WARN_UNGUARDED_AVAILABILITY = YES_AGGRESSIVE;
				CLANG_WARN_UNREACHABLE_CODE = YES;
				CLANG_WARN__DUPLICATE_METHOD_MATCH = YES;
				COPY_PHASE_STRIP = NO;
				DEBUG_INFORMATION_FORMAT = "dwarf-with-dsym";
				ENABLE_NS_ASSERTIONS = NO;
				ENABLE_STRICT_OBJC_MSGSEND = YES;
				ENABLE_USER_SCRIPT_SANDBOXING = YES;
				GCC_C_LANGUAGE_STANDARD = gnu17;
				GCC_NO_COMMON_BLOCKS = YES;
				GCC_WARN_64_TO_32_BIT_CONVERSION = YES;
				GCC_WARN_ABOUT_RETURN_TYPE = YES_ERROR;
				GCC_WARN_UNDECLARED_SELECTOR = YES;
				GCC_WARN_UNINITIALIZED_AUTOS = YES_AGGRESSIVE;
				GCC_WARN_UNUSED_FUNCTION = YES;
				GCC_WARN_UNUSED_VARIABLE = YES;
				LOCALIZATION_PREFERS_STRING_CATALOGS = YES;
				MTL_ENABLE_DEBUG_INFO = NO;
				MTL_FAST_MATH = YES;
				SDKROOT = xros;
				SWIFT_COMPILATION_MODE = wholemodule;
				VALIDATE_PRODUCT = YES;
				XROS_DEPLOYMENT_TARGET = 1.0;
			};
			name = Release;
		};
		1EDF4F722BCC1529009AA4A1 /* Debug */ = {
			isa = XCBuildConfiguration;
			buildSettings = {
				ASSETCATALOG_COMPILER_APPICON_NAME = AppIcon;
				ASSETCATALOG_COMPILER_GLOBAL_ACCENT_COLOR_NAME = AccentColor;
				CODE_SIGN_STYLE = Automatic;
				CURRENT_PROJECT_VERSION = 1;
				DEVELOPMENT_ASSET_PATHS = "\"day06/Preview Content\"";
				DEVELOPMENT_TEAM = AQCS8SYVV6;
				ENABLE_PREVIEWS = YES;
				GENERATE_INFOPLIST_FILE = YES;
				INFOPLIST_FILE = "$(TARGET_NAME)/Info.plist";
				LD_RUNPATH_SEARCH_PATHS = (
					"$(inherited)",
					"@executable_path/Frameworks",
				);
				MARKETING_VERSION = 1.0;
				PRODUCT_BUNDLE_IDENTIFIER = ac.appleDevelop.day06;
				PRODUCT_NAME = "$(TARGET_NAME)";
				SUPPORTED_PLATFORMS = "xros xrsimulator";
				SWIFT_EMIT_LOC_STRINGS = YES;
				SWIFT_VERSION = 5.0;
				TARGETED_DEVICE_FAMILY = "1,2,7";
			};
			name = Debug;
		};
		1EDF4F732BCC1529009AA4A1 /* Release */ = {
			isa = XCBuildConfiguration;
			buildSettings = {
				ASSETCATALOG_COMPILER_APPICON_NAME = AppIcon;
				ASSETCATALOG_COMPILER_GLOBAL_ACCENT_COLOR_NAME = AccentColor;
				CODE_SIGN_STYLE = Automatic;
				CURRENT_PROJECT_VERSION = 1;
				DEVELOPMENT_ASSET_PATHS = "\"day06/Preview Content\"";
				DEVELOPMENT_TEAM = AQCS8SYVV6;
				ENABLE_PREVIEWS = YES;
				GENERATE_INFOPLIST_FILE = YES;
				INFOPLIST_FILE = "$(TARGET_NAME)/Info.plist";
				LD_RUNPATH_SEARCH_PATHS = (
					"$(inherited)",
					"@executable_path/Frameworks",
				);
				MARKETING_VERSION = 1.0;
				PRODUCT_BUNDLE_IDENTIFIER = ac.appleDevelop.day06;
				PRODUCT_NAME = "$(TARGET_NAME)";
				SUPPORTED_PLATFORMS = "xros xrsimulator";
				SWIFT_EMIT_LOC_STRINGS = YES;
				SWIFT_VERSION = 5.0;
				TARGETED_DEVICE_FAMILY = "1,2,7";
			};
			name = Release;
		};
/* End XCBuildConfiguration section */

/* Begin XCConfigurationList section */
		1EDF4F572BCC1527009AA4A1 /* Build configuration list for PBXProject "day06" */ = {
			isa = XCConfigurationList;
			buildConfigurations = (
				1EDF4F6F2BCC1529009AA4A1 /* Debug */,
				1EDF4F702BCC1529009AA4A1 /* Release */,
			);
			defaultConfigurationIsVisible = 0;
			defaultConfigurationName = Release;
		};
		1EDF4F712BCC1529009AA4A1 /* Build configuration list for PBXNativeTarget "day06" */ = {
			isa = XCConfigurationList;
			buildConfigurations = (
				1EDF4F722BCC1529009AA4A1 /* Debug */,
				1EDF4F732BCC1529009AA4A1 /* Release */,
			);
			defaultConfigurationIsVisible = 0;
			defaultConfigurationName = Release;
		};
/* End XCConfigurationList section */

/* Begin XCSwiftPackageProductDependency section */
		1EDF4F612BCC1527009AA4A1 /* RealityKitContent */ = {
			isa = XCSwiftPackageProductDependency;
			productName = RealityKitContent;
		};
/* End XCSwiftPackageProductDependency section */
	};
	rootObject = 1EDF4F542BCC1527009AA4A1 /* Project object */;
}
